github.com/kuttiproject/kuttilog v0.1.0 h1:A9EehmD5AO2H5D9v+1tdlle+j0yRhMX+7Z7KyL73ErU=
github.com/kuttiproject/kuttilog v0.1.0/go.mod h1:OO3dHpXm1/Pjlc57R4c0e/C+ZWkYlY3Fd9Ikn8xPXi4=
github.com/kuttiproject/kuttilog v0.1.1 h1:cXF0zSVnVBUJzT2DSnIF8SKAJ4GUHazkiOLOFgeKXbg=
github.com/kuttiproject/kuttilog v0.1.1/go.mod h1:OO3dHpXm1/Pjlc57R4c0e/C+ZWkYlY3Fd9Ikn8xPXi4=
