github.com/kuttiproject/kuttilog v0.1.2 h1:VEqVWrR3M6RME6aoUuVwXNO3bRpHKNp0ISAP/vqncpg=
github.com/kuttiproject/kuttilog v0.1.2/go.mod h1:OO3dHpXm1/Pjlc57R4c0e/C+ZWkYlY3Fd9Ikn8xPXi4=
github.com/kuttiproject/kuttilog v0.2.0 h1:rhgqjEIX7HAGOeqyAse0Ey+thfDu/Tefvs4zV7VuPYw=
github.com/kuttiproject/kuttilog v0.2.0/go.mod h1:VWyFjqLHbs2QzqPIB2rM/7GIgoH5zD5oopbkVuiG3VI=
